
Microsoft Visual Studio Solution File, Format Version 12.00
# Visual Studio Version 16
VisualStudioVersion = 16.0.31729.503
MinimumVisualStudioVersion = 10.0.40219.1
Project("{FAE04EC0-301F-11D3-BF4B-00C04F79EFBC}") = "TC5", "TC5\TC5.csproj", "{32CEF6F5-BCF1-4CCE-92F5-E0E72EEC9648}"
EndProject
Global
	GlobalSection(SolutionConfigurationPlatforms) = preSolution
		Debug|Any CPU = Debug|Any CPU
		Release|Any CPU = Release|Any CPU
	EndGlobalSection
	GlobalSection(ProjectConfigurationPlatforms) = postSolution
		{32CEF6F5-BCF1-4CCE-92F5-E0E72EEC9648}.Debug|Any CPU.ActiveCfg = Debug|Any CPU
		{32CEF6F5-BCF1-4CCE-92F5-E0E72EEC9648}.Debug|Any CPU.Build.0 = Debug|Any CPU
		{32CEF6F5-BCF1-4CCE-92F5-E0E72EEC9648}.Release|Any CPU.ActiveCfg = Release|Any CPU
		{32CEF6F5-BCF1-4CCE-92F5-E0E72EEC9648}.Release|Any CPU.Build.0 = Release|Any CPU
	EndGlobalSection
	GlobalSection(SolutionProperties) = preSolution
		HideSolutionNode = FALSE
	EndGlobalSection
	GlobalSection(ExtensibilityGlobals) = postSolution
		SolutionGuid = {195152F0-5CF9-4696-8836-255B6ABDA909}
	EndGlobalSection
EndGlobal
